// !$*UTF8*$!
{
	archiveVersion = 1;
	classes = {
	};
	objectVersion = 56;
	objects = {

/* Begin PBXBuildFile section */
		010AB40B2BB2042E006A52C3 /* Utility.swift in Sources */ = {isa = PBXBuildFile; fileRef = 010AB40A2BB2042E006A52C3 /* Utility.swift */; };
		0119FC4C2BB34F6F0061FD69 /* SinglePlayerGameController.swift in Sources */ = {isa = PBXBuildFile; fileRef = 0119FC4B2BB34F6F0061FD69 /* SinglePlayerGameController.swift */; };
		0119FC4E2BB35A380061FD69 /* SinglePlayerGameView.swift in Sources */ = {isa = PBXBuildFile; fileRef = 0119FC4D2BB35A380061FD69 /* SinglePlayerGameView.swift */; };
		0119FC502BB35CF60061FD69 /* GameState.swift in Sources */ = {isa = PBXBuildFile; fileRef = 0119FC4F2BB35CF60061FD69 /* GameState.swift */; };
		013BBA652BAE0E8A0089BD12 /* CategoryDetailView.swift in Sources */ = {isa = PBXBuildFile; fileRef = 013BBA642BAE0E8A0089BD12 /* CategoryDetailView.swift */; };
		01DB7E322BACE91400DB7376 /* UndercoverApp.swift in Sources */ = {isa = PBXBuildFile; fileRef = 01DB7E312BACE91400DB7376 /* UndercoverApp.swift */; };
		01DB7E342BACE91400DB7376 /* ContentView.swift in Sources */ = {isa = PBXBuildFile; fileRef = 01DB7E332BACE91400DB7376 /* ContentView.swift */; };
		01DB7E382BACE91500DB7376 /* Assets.xcassets in Resources */ = {isa = PBXBuildFile; fileRef = 01DB7E372BACE91500DB7376 /* Assets.xcassets */; };
		01DB7E3B2BACE91500DB7376 /* Preview Assets.xcassets in Resources */ = {isa = PBXBuildFile; fileRef = 01DB7E3A2BACE91500DB7376 /* Preview Assets.xcassets */; };
		01DB7E432BAD163B00DB7376 /* AppleMusicController.swift in Sources */ = {isa = PBXBuildFile; fileRef = 01DB7E422BAD163B00DB7376 /* AppleMusicController.swift */; };
		01DB7E452BAD19F200DB7376 /* SettingsView.swift in Sources */ = {isa = PBXBuildFile; fileRef = 01DB7E442BAD19F200DB7376 /* SettingsView.swift */; };
		01DB7E472BAD1FFF00DB7376 /* UCAlbum.swift in Sources */ = {isa = PBXBuildFile; fileRef = 01DB7E462BAD1FFF00DB7376 /* UCAlbum.swift */; };
		01DB7E492BAD338400DB7376 /* UCCategory.swift in Sources */ = {isa = PBXBuildFile; fileRef = 01DB7E482BAD338400DB7376 /* UCCategory.swift */; };
		01DB7E4B2BAD352300DB7376 /* ImportPlaylistView.swift in Sources */ = {isa = PBXBuildFile; fileRef = 01DB7E4A2BAD352300DB7376 /* ImportPlaylistView.swift */; };
/* End PBXBuildFile section */

/* Begin PBXFileReference section */
		010AB40A2BB2042E006A52C3 /* Utility.swift */ = {isa = PBXFileReference; lastKnownFileType = sourcecode.swift; path = Utility.swift; sourceTree = "<group>"; };
		0119FC4B2BB34F6F0061FD69 /* SinglePlayerGameController.swift */ = {isa = PBXFileReference; lastKnownFileType = sourcecode.swift; path = SinglePlayerGameController.swift; sourceTree = "<group>"; };
		0119FC4D2BB35A380061FD69 /* SinglePlayerGameView.swift */ = {isa = PBXFileReference; lastKnownFileType = sourcecode.swift; path = SinglePlayerGameView.swift; sourceTree = "<group>"; };
		0119FC4F2BB35CF60061FD69 /* GameState.swift */ = {isa = PBXFileReference; lastKnownFileType = sourcecode.swift; path = GameState.swift; sourceTree = "<group>"; };
		013BBA642BAE0E8A0089BD12 /* CategoryDetailView.swift */ = {isa = PBXFileReference; lastKnownFileType = sourcecode.swift; path = CategoryDetailView.swift; sourceTree = "<group>"; };
		016CC9292BAE0A9700FCEED4 /* Undercover.entitlements */ = {isa = PBXFileReference; lastKnownFileType = text.plist.entitlements; path = Undercover.entitlements; sourceTree = "<group>"; };
		01DB7E2E2BACE91400DB7376 /* Undercover.app */ = {isa = PBXFileReference; explicitFileType = wrapper.application; includeInIndex = 0; path = Undercover.app; sourceTree = BUILT_PRODUCTS_DIR; };
		01DB7E312BACE91400DB7376 /* UndercoverApp.swift */ = {isa = PBXFileReference; lastKnownFileType = sourcecode.swift; path = UndercoverApp.swift; sourceTree = "<group>"; };
		01DB7E332BACE91400DB7376 /* ContentView.swift */ = {isa = PBXFileReference; lastKnownFileType = sourcecode.swift; path = ContentView.swift; sourceTree = "<group>"; };
		01DB7E372BACE91500DB7376 /* Assets.xcassets */ = {isa = PBXFileReference; lastKnownFileType = folder.assetcatalog; path = Assets.xcassets; sourceTree = "<group>"; };
		01DB7E3A2BACE91500DB7376 /* Preview Assets.xcassets */ = {isa = PBXFileReference; lastKnownFileType = folder.assetcatalog; path = "Preview Assets.xcassets"; sourceTree = "<group>"; };
		01DB7E412BACF16100DB7376 /* Info.plist */ = {isa = PBXFileReference; lastKnownFileType = text.plist; path = Info.plist; sourceTree = "<group>"; };
		01DB7E422BAD163B00DB7376 /* AppleMusicController.swift */ = {isa = PBXFileReference; lastKnownFileType = sourcecode.swift; path = AppleMusicController.swift; sourceTree = "<group>"; };
		01DB7E442BAD19F200DB7376 /* SettingsView.swift */ = {isa = PBXFileReference; lastKnownFileType = sourcecode.swift; path = SettingsView.swift; sourceTree = "<group>"; };
		01DB7E462BAD1FFF00DB7376 /* UCAlbum.swift */ = {isa = PBXFileReference; lastKnownFileType = sourcecode.swift; path = UCAlbum.swift; sourceTree = "<group>"; };
		01DB7E482BAD338400DB7376 /* UCCategory.swift */ = {isa = PBXFileReference; lastKnownFileType = sourcecode.swift; path = UCCategory.swift; sourceTree = "<group>"; };
		01DB7E4A2BAD352300DB7376 /* ImportPlaylistView.swift */ = {isa = PBXFileReference; lastKnownFileType = sourcecode.swift; path = ImportPlaylistView.swift; sourceTree = "<group>"; };
/* End PBXFileReference section */

/* Begin PBXFrameworksBuildPhase section */
		01DB7E2B2BACE91400DB7376 /* Frameworks */ = {
			isa = PBXFrameworksBuildPhase;
			buildActionMask = 2147483647;
			files = (
			);
			runOnlyForDeploymentPostprocessing = 0;
		};
/* End PBXFrameworksBuildPhase section */

/* Begin PBXGroup section */
		0119FC512BB35F040061FD69 /* Views */ = {
			isa = PBXGroup;
			children = (
				01DB7E442BAD19F200DB7376 /* SettingsView.swift */,
				01DB7E332BACE91400DB7376 /* ContentView.swift */,
				01DB7E4A2BAD352300DB7376 /* ImportPlaylistView.swift */,
				013BBA642BAE0E8A0089BD12 /* CategoryDetailView.swift */,
				0119FC4D2BB35A380061FD69 /* SinglePlayerGameView.swift */,
			);
			path = Views;
			sourceTree = "<group>";
		};
		0119FC522BB35F0E0061FD69 /* Types */ = {
			isa = PBXGroup;
			children = (
				01DB7E312BACE91400DB7376 /* UndercoverApp.swift */,
				01DB7E422BAD163B00DB7376 /* AppleMusicController.swift */,
				0119FC4B2BB34F6F0061FD69 /* SinglePlayerGameController.swift */,
				01DB7E462BAD1FFF00DB7376 /* UCAlbum.swift */,
				01DB7E482BAD338400DB7376 /* UCCategory.swift */,
				0119FC4F2BB35CF60061FD69 /* GameState.swift */,
				010AB40A2BB2042E006A52C3 /* Utility.swift */,
			);
			path = Types;
			sourceTree = "<group>";
		};
		01DB7E252BACE91400DB7376 = {
			isa = PBXGroup;
			children = (
				01DB7E302BACE91400DB7376 /* Undercover */,
				01DB7E2F2BACE91400DB7376 /* Products */,
			);
			sourceTree = "<group>";
		};
		01DB7E2F2BACE91400DB7376 /* Products */ = {
			isa = PBXGroup;
			children = (
				01DB7E2E2BACE91400DB7376 /* Undercover.app */,
			);
			name = Products;
			sourceTree = "<group>";
		};
		01DB7E302BACE91400DB7376 /* Undercover */ = {
			isa = PBXGroup;
			children = (
				0119FC522BB35F0E0061FD69 /* Types */,
				0119FC512BB35F040061FD69 /* Views */,
				01DB7E392BACE91500DB7376 /* Preview Content */,
				016CC9292BAE0A9700FCEED4 /* Undercover.entitlements */,
				01DB7E412BACF16100DB7376 /* Info.plist */,
				01DB7E372BACE91500DB7376 /* Assets.xcassets */,
			);
			path = Undercover;
			sourceTree = "<group>";
		};
		01DB7E392BACE91500DB7376 /* Preview Content */ = {
			isa = PBXGroup;
			children = (
				01DB7E3A2BACE91500DB7376 /* Preview Assets.xcassets */,
			);
			path = "Preview Content";
			sourceTree = "<group>";
		};
/* End PBXGroup section */

/* Begin PBXNativeTarget section */
		01DB7E2D2BACE91400DB7376 /* Undercover */ = {
			isa = PBXNativeTarget;
			buildConfigurationList = 01DB7E3E2BACE91500DB7376 /* Build configuration list for PBXNativeTarget "Undercover" */;
			buildPhases = (
				01DB7E2A2BACE91400DB7376 /* Sources */,
				01DB7E2B2BACE91400DB7376 /* Frameworks */,
				01DB7E2C2BACE91400DB7376 /* Resources */,
			);
			buildRules = (
			);
			dependencies = (
			);
			name = Undercover;
			productName = Undercover;
			productReference = 01DB7E2E2BACE91400DB7376 /* Undercover.app */;
			productType = "com.apple.product-type.application";
		};
/* End PBXNativeTarget section */

/* Begin PBXProject section */
		01DB7E262BACE91400DB7376 /* Project object */ = {
			isa = PBXProject;
			attributes = {
				BuildIndependentTargetsInParallel = 1;
				LastSwiftUpdateCheck = 1530;
				LastUpgradeCheck = 1530;
				TargetAttributes = {
					01DB7E2D2BACE91400DB7376 = {
						CreatedOnToolsVersion = 15.3;
					};
				};
			};
			buildConfigurationList = 01DB7E292BACE91400DB7376 /* Build configuration list for PBXProject "Undercover" */;
			compatibilityVersion = "Xcode 14.0";
			developmentRegion = en;
			hasScannedForEncodings = 0;
			knownRegions = (
				en,
				Base,
			);
			mainGroup = 01DB7E252BACE91400DB7376;
			productRefGroup = 01DB7E2F2BACE91400DB7376 /* Products */;
			projectDirPath = "";
			projectRoot = "";
			targets = (
				01DB7E2D2BACE91400DB7376 /* Undercover */,
			);
		};
/* End PBXProject section */

/* Begin PBXResourcesBuildPhase section */
		01DB7E2C2BACE91400DB7376 /* Resources */ = {
			isa = PBXResourcesBuildPhase;
			buildActionMask = 2147483647;
			files = (
				01DB7E3B2BACE91500DB7376 /* Preview Assets.xcassets in Resources */,
				01DB7E382BACE91500DB7376 /* Assets.xcassets in Resources */,
			);
			runOnlyForDeploymentPostprocessing = 0;
		};
/* End PBXResourcesBuildPhase section */

/* Begin PBXSourcesBuildPhase section */
		01DB7E2A2BACE91400DB7376 /* Sources */ = {
			isa = PBXSourcesBuildPhase;
			buildActionMask = 2147483647;
			files = (
				010AB40B2BB2042E006A52C3 /* Utility.swift in Sources */,
				01DB7E452BAD19F200DB7376 /* SettingsView.swift in Sources */,
				0119FC502BB35CF60061FD69 /* GameState.swift in Sources */,
				01DB7E342BACE91400DB7376 /* ContentView.swift in Sources */,
				01DB7E4B2BAD352300DB7376 /* ImportPlaylistView.swift in Sources */,
				01DB7E432BAD163B00DB7376 /* AppleMusicController.swift in Sources */,
				013BBA652BAE0E8A0089BD12 /* CategoryDetailView.swift in Sources */,
				01DB7E492BAD338400DB7376 /* UCCategory.swift in Sources */,
				01DB7E322BACE91400DB7376 /* UndercoverApp.swift in Sources */,
				0119FC4E2BB35A380061FD69 /* SinglePlayerGameView.swift in Sources */,
				01DB7E472BAD1FFF00DB7376 /* UCAlbum.swift in Sources */,
				0119FC4C2BB34F6F0061FD69 /* SinglePlayerGameController.swift in Sources */,
			);
			runOnlyForDeploymentPostprocessing = 0;
		};
/* End PBXSourcesBuildPhase section */

/* Begin XCBuildConfiguration section */
		01DB7E3C2BACE91500DB7376 /* Debug */ = {
			isa = XCBuildConfiguration;
			buildSettings = {
				ALWAYS_SEARCH_USER_PATHS = NO;
				ASSETCATALOG_COMPILER_GENERATE_SWIFT_ASSET_SYMBOL_EXTENSIONS = YES;
				CLANG_ANALYZER_NONNULL = YES;
				CLANG_ANALYZER_NUMBER_OBJECT_CONVERSION = YES_AGGRESSIVE;
				CLANG_CXX_LANGUAGE_STANDARD = "gnu++20";
				CLANG_ENABLE_MODULES = YES;
				CLANG_ENABLE_OBJC_ARC = YES;
				CLANG_ENABLE_OBJC_WEAK = YES;
				CLANG_WARN_BLOCK_CAPTURE_AUTORELEASING = YES;
				CLANG_WARN_BOOL_CONVERSION = YES;
				CLANG_WARN_COMMA = YES;
				CLANG_WARN_CONSTANT_CONVERSION = YES;
				CLANG_WARN_DEPRECATED_OBJC_IMPLEMENTATIONS = YES;
				CLANG_WARN_DIRECT_OBJC_ISA_USAGE = YES_ERROR;
				CLANG_WARN_DOCUMENTATION_COMMENTS = YES;
				CLANG_WARN_EMPTY_BODY = YES;
				CLANG_WARN_ENUM_CONVERSION = YES;
				CLANG_WARN_INFINITE_RECURSION = YES;
				CLANG_WARN_INT_CONVERSION = YES;
				CLANG_WARN_NON_LITERAL_NULL_CONVERSION = YES;
				CLANG_WARN_OBJC_IMPLICIT_RETAIN_SELF = YES;
				CLANG_WARN_OBJC_LITERAL_CONVERSION = YES;
				CLANG_WARN_OBJC_ROOT_CLASS = YES_ERROR;
				CLANG_WARN_QUOTED_INCLUDE_IN_FRAMEWORK_HEADER = YES;
				CLANG_WARN_RANGE_LOOP_ANALYSIS = YES;
				CLANG_WARN_STRICT_PROTOTYPES = YES;
				CLANG_WARN_SUSPICIOUS_MOVE = YES;
				CLANG_WARN_UNGUARDED_AVAILABILITY = YES_AGGRESSIVE;
				CLANG_WARN_UNREACHABLE_CODE = YES;
				CLANG_WARN__DUPLICATE_METHOD_MATCH = YES;
				COPY_PHASE_STRIP = NO;
				DEBUG_INFORMATION_FORMAT = dwarf;
				ENABLE_STRICT_OBJC_MSGSEND = YES;
				ENABLE_TESTABILITY = YES;
				ENABLE_USER_SCRIPT_SANDBOXING = YES;
				GCC_C_LANGUAGE_STANDARD = gnu17;
				GCC_DYNAMIC_NO_PIC = NO;
				GCC_NO_COMMON_BLOCKS = YES;
				GCC_OPTIMIZATION_LEVEL = 0;
				GCC_PREPROCESSOR_DEFINITIONS = (
					"DEBUG=1",
					"$(inherited)",
				);
				GCC_WARN_64_TO_32_BIT_CONVERSION = YES;
				GCC_WARN_ABOUT_RETURN_TYPE = YES_ERROR;
				GCC_WARN_UNDECLARED_SELECTOR = YES;
				GCC_WARN_UNINITIALIZED_AUTOS = YES_AGGRESSIVE;
				GCC_WARN_UNUSED_FUNCTION = YES;
				GCC_WARN_UNUSED_VARIABLE = YES;
				IPHONEOS_DEPLOYMENT_TARGET = 17.4;
				LOCALIZATION_PREFERS_STRING_CATALOGS = YES;
				MTL_ENABLE_DEBUG_INFO = INCLUDE_SOURCE;
				MTL_FAST_MATH = YES;
				ONLY_ACTIVE_ARCH = YES;
				SDKROOT = iphoneos;
				SWIFT_ACTIVE_COMPILATION_CONDITIONS = "DEBUG $(inherited)";
				SWIFT_OPTIMIZATION_LEVEL = "-Onone";
			};
			name = Debug;
		};
		01DB7E3D2BACE91500DB7376 /* Release */ = {
			isa = XCBuildConfiguration;
			buildSettings = {
				ALWAYS_SEARCH_USER_PATHS = NO;
				ASSETCATALOG_COMPILER_GENERATE_SWIFT_ASSET_SYMBOL_EXTENSIONS = YES;
				CLANG_ANALYZER_NONNULL = YES;
				CLANG_ANALYZER_NUMBER_OBJECT_CONVERSION = YES_AGGRESSIVE;
				CLANG_CXX_LANGUAGE_STANDARD = "gnu++20";
				CLANG_ENABLE_MODULES = YES;
				CLANG_ENABLE_OBJC_ARC = YES;
				CLANG_ENABLE_OBJC_WEAK = YES;
				CLANG_WARN_BLOCK_CAPTURE_AUTORELEASING = YES;
				CLANG_WARN_BOOL_CONVERSION = YES;
				CLANG_WARN_COMMA = YES;
				CLANG_WARN_CONSTANT_CONVERSION = YES;
				CLANG_WARN_DEPRECATED_OBJC_IMPLEMENTATIONS = YES;
				CLANG_WARN_DIRECT_OBJC_ISA_USAGE = YES_ERROR;
				CLANG_WARN_DOCUMENTATION_COMMENTS = YES;
				CLANG_WARN_EMPTY_BODY = YES;
				CLANG_WARN_ENUM_CONVERSION = YES;
				CLANG_WARN_INFINITE_RECURSION = YES;
				CLANG_WARN_INT_CONVERSION = YES;
				CLANG_WARN_NON_LITERAL_NULL_CONVERSION = YES;
				CLANG_WARN_OBJC_IMPLICIT_RETAIN_SELF = YES;
				CLANG_WARN_OBJC_LITERAL_CONVERSION = YES;
				CLANG_WARN_OBJC_ROOT_CLASS = YES_ERROR;
				CLANG_WARN_QUOTED_INCLUDE_IN_FRAMEWORK_HEADER = YES;
				CLANG_WARN_RANGE_LOOP_ANALYSIS = YES;
				CLANG_WARN_STRICT_PROTOTYPES = YES;
				CLANG_WARN_SUSPICIOUS_MOVE = YES;
				CLANG_WARN_UNGUARDED_AVAILABILITY = YES_AGGRESSIVE;
				CLANG_WARN_UNREACHABLE_CODE = YES;
				CLANG_WARN__DUPLICATE_METHOD_MATCH = YES;
				COPY_PHASE_STRIP = NO;
				DEBUG_INFORMATION_FORMAT = "dwarf-with-dsym";
				ENABLE_NS_ASSERTIONS = NO;
				ENABLE_STRICT_OBJC_MSGSEND = YES;
				ENABLE_USER_SCRIPT_SANDBOXING = YES;
				GCC_C_LANGUAGE_STANDARD = gnu17;
				GCC_NO_COMMON_BLOCKS = YES;
				GCC_WARN_64_TO_32_BIT_CONVERSION = YES;
				GCC_WARN_ABOUT_RETURN_TYPE = YES_ERROR;
				GCC_WARN_UNDECLARED_SELECTOR = YES;
				GCC_WARN_UNINITIALIZED_AUTOS = YES_AGGRESSIVE;
				GCC_WARN_UNUSED_FUNCTION = YES;
				GCC_WARN_UNUSED_VARIABLE = YES;
				IPHONEOS_DEPLOYMENT_TARGET = 17.4;
				LOCALIZATION_PREFERS_STRING_CATALOGS = YES;
				MTL_ENABLE_DEBUG_INFO = NO;
				MTL_FAST_MATH = YES;
				SDKROOT = iphoneos;
				SWIFT_COMPILATION_MODE = wholemodule;
				VALIDATE_PRODUCT = YES;
			};
			name = Release;
		};
		01DB7E3F2BACE91500DB7376 /* Debug */ = {
			isa = XCBuildConfiguration;
			buildSettings = {
				ASSETCATALOG_COMPILER_APPICON_NAME = AppIcon;
				ASSETCATALOG_COMPILER_GLOBAL_ACCENT_COLOR_NAME = AccentColor;
				CODE_SIGN_ENTITLEMENTS = Undercover/Undercover.entitlements;
				CODE_SIGN_STYLE = Automatic;
				CURRENT_PROJECT_VERSION = 1;
				DEVELOPMENT_ASSET_PATHS = "\"Undercover/Preview Content\"";
				DEVELOPMENT_TEAM = CCAQHTG68D;
				ENABLE_PREVIEWS = YES;
				GENERATE_INFOPLIST_FILE = YES;
				INFOPLIST_FILE = Undercover/Info.plist;
				INFOPLIST_KEY_NSAppleMusicUsageDescription = "Gotta have it";
				INFOPLIST_KEY_UIApplicationSceneManifest_Generation = YES;
				INFOPLIST_KEY_UIApplicationSupportsIndirectInputEvents = YES;
				INFOPLIST_KEY_UILaunchScreen_Generation = YES;
				INFOPLIST_KEY_UISupportedInterfaceOrientations_iPad = "UIInterfaceOrientationPortrait UIInterfaceOrientationPortraitUpsideDown UIInterfaceOrientationLandscapeLeft UIInterfaceOrientationLandscapeRight";
				INFOPLIST_KEY_UISupportedInterfaceOrientations_iPhone = "UIInterfaceOrientationPortrait UIInterfaceOrientationLandscapeLeft UIInterfaceOrientationLandscapeRight";
				LD_RUNPATH_SEARCH_PATHS = (
					"$(inherited)",
					"@executable_path/Frameworks",
				);
				MARKETING_VERSION = 1.0;
				PRODUCT_BUNDLE_IDENTIFIER = com.johnslevin.Undercover;
				PRODUCT_NAME = "$(TARGET_NAME)";
				SWIFT_EMIT_LOC_STRINGS = YES;
				SWIFT_VERSION = 5.0;
				TARGETED_DEVICE_FAMILY = "1,2";
			};
			name = Debug;
		};
		01DB7E402BACE91500DB7376 /* Release */ = {
			isa = XCBuildConfiguration;
			buildSettings = {
				ASSETCATALOG_COMPILER_APPICON_NAME = AppIcon;
				ASSETCATALOG_COMPILER_GLOBAL_ACCENT_COLOR_NAME = AccentColor;
				CODE_SIGN_ENTITLEMENTS = Undercover/Undercover.entitlements;
				CODE_SIGN_STYLE = Automatic;
				CURRENT_PROJECT_VERSION = 1;
				DEVELOPMENT_ASSET_PATHS = "\"Undercover/Preview Content\"";
				DEVELOPMENT_TEAM = CCAQHTG68D;
				ENABLE_PREVIEWS = YES;
				GENERATE_INFOPLIST_FILE = YES;
				INFOPLIST_FILE = Undercover/Info.plist;
				INFOPLIST_KEY_NSAppleMusicUsageDescription = "Gotta have it";
				INFOPLIST_KEY_UIApplicationSceneManifest_Generation = YES;
				INFOPLIST_KEY_UIApplicationSupportsIndirectInputEvents = YES;
				INFOPLIST_KEY_UILaunchScreen_Generation = YES;
				INFOPLIST_KEY_UISupportedInterfaceOrientations_iPad = "UIInterfaceOrientationPortrait UIInterfaceOrientationPortraitUpsideDown UIInterfaceOrientationLandscapeLeft UIInterfaceOrientationLandscapeRight";
				INFOPLIST_KEY_UISupportedInterfaceOrientations_iPhone = "UIInterfaceOrientationPortrait UIInterfaceOrientationLandscapeLeft UIInterfaceOrientationLandscapeRight";
				LD_RUNPATH_SEARCH_PATHS = (
					"$(inherited)",
					"@executable_path/Frameworks",
				);
				MARKETING_VERSION = 1.0;
				PRODUCT_BUNDLE_IDENTIFIER = com.johnslevin.Undercover;
				PRODUCT_NAME = "$(TARGET_NAME)";
				SWIFT_EMIT_LOC_STRINGS = YES;
				SWIFT_VERSION = 5.0;
				TARGETED_DEVICE_FAMILY = "1,2";
			};
			name = Release;
		};
/* End XCBuildConfiguration section */

/* Begin XCConfigurationList section */
		01DB7E292BACE91400DB7376 /* Build configuration list for PBXProject "Undercover" */ = {
			isa = XCConfigurationList;
			buildConfigurations = (
				01DB7E3C2BACE91500DB7376 /* Debug */,
				01DB7E3D2BACE91500DB7376 /* Release */,
			);
			defaultConfigurationIsVisible = 0;
			defaultConfigurationName = Release;
		};
		01DB7E3E2BACE91500DB7376 /* Build configuration list for PBXNativeTarget "Undercover" */ = {
			isa = XCConfigurationList;
			buildConfigurations = (
				01DB7E3F2BACE91500DB7376 /* Debug */,
				01DB7E402BACE91500DB7376 /* Release */,
			);
			defaultConfigurationIsVisible = 0;
			defaultConfigurationName = Release;
		};
/* End XCConfigurationList section */
	};
	rootObject = 01DB7E262BACE91400DB7376 /* Project object */;
}
